
Microsoft Visual Studio Solution File, Format Version 12.00
# Visual Studio Version 16
VisualStudioVersion = 16.0.28803.452
MinimumVisualStudioVersion = 10.0.40219.1
Project("{FAE04EC0-301F-11D3-BF4B-00C04F79EFBC}") = "PartingPets", "PartingPets\PartingPets.csproj", "{C7122DA3-9441-4B6B-AF29-855F5FA0ED9D}"
EndProject
Global
	GlobalSection(SolutionConfigurationPlatforms) = preSolution
		Debug|Any CPU = Debug|Any CPU
		Release|Any CPU = Release|Any CPU
	EndGlobalSection
	GlobalSection(ProjectConfigurationPlatforms) = postSolution
		{C7122DA3-9441-4B6B-AF29-855F5FA0ED9D}.Debug|Any CPU.ActiveCfg = Debug|Any CPU
		{C7122DA3-9441-4B6B-AF29-855F5FA0ED9D}.Debug|Any CPU.Build.0 = Debug|Any CPU
		{C7122DA3-9441-4B6B-AF29-855F5FA0ED9D}.Release|Any CPU.ActiveCfg = Release|Any CPU
		{C7122DA3-9441-4B6B-AF29-855F5FA0ED9D}.Release|Any CPU.Build.0 = Release|Any CPU
	EndGlobalSection
	GlobalSection(SolutionProperties) = preSolution
		HideSolutionNode = FALSE
	EndGlobalSection
	GlobalSection(ExtensibilityGlobals) = postSolution
		SolutionGuid = {0581AD13-CEF3-446F-9F39-B9B869F880A7}
	EndGlobalSection
EndGlobal
